
Microsoft Visual Studio Solution File, Format Version 12.00
# Visual Studio 14
VisualStudioVersion = 14.0.24720.0
MinimumVisualStudioVersion = 10.0.40219.1
Project("{FAE04EC0-301F-11D3-BF4B-00C04F79EFBC}") = "TCEscape", "TCEscape\TCEscape.csproj", "{8C7EAC5B-9315-4D10-AACB-4D8A4A802F86}"
EndProject
Project("{FAE04EC0-301F-11D3-BF4B-00C04F79EFBC}") = "UnitTestProject1", "UnitTestProject1\UnitTestProject1.csproj", "{3BF0A2EB-2E7E-4E03-A98A-3E8A92F8A875}"
EndProject
Global
	GlobalSection(SolutionConfigurationPlatforms) = preSolution
		Debug|Any CPU = Debug|Any CPU
		Release|Any CPU = Release|Any CPU
	EndGlobalSection
	GlobalSection(ProjectConfigurationPlatforms) = postSolution
		{8C7EAC5B-9315-4D10-AACB-4D8A4A802F86}.Debug|Any CPU.ActiveCfg = Debug|Any CPU
		{8C7EAC5B-9315-4D10-AACB-4D8A4A802F86}.Debug|Any CPU.Build.0 = Debug|Any CPU
		{8C7EAC5B-9315-4D10-AACB-4D8A4A802F86}.Release|Any CPU.ActiveCfg = Release|Any CPU
		{8C7EAC5B-9315-4D10-AACB-4D8A4A802F86}.Release|Any CPU.Build.0 = Release|Any CPU
		{3BF0A2EB-2E7E-4E03-A98A-3E8A92F8A875}.Debug|Any CPU.ActiveCfg = Debug|Any CPU
		{3BF0A2EB-2E7E-4E03-A98A-3E8A92F8A875}.Debug|Any CPU.Build.0 = Debug|Any CPU
		{3BF0A2EB-2E7E-4E03-A98A-3E8A92F8A875}.Release|Any CPU.ActiveCfg = Release|Any CPU
		{3BF0A2EB-2E7E-4E03-A98A-3E8A92F8A875}.Release|Any CPU.Build.0 = Release|Any CPU
	EndGlobalSection
	GlobalSection(SolutionProperties) = preSolution
		HideSolutionNode = FALSE
	EndGlobalSection
EndGlobal
